
Microsoft Visual Studio Solution File, Format Version 12.00
# Visual Studio Version 17
VisualStudioVersion = 17.14.36717.8 d17.14
MinimumVisualStudioVersion = 10.0.40219.1
Project("{FAE04EC0-301F-11D3-BF4B-00C04F79EFBC}") = "MatrixController", "MatrixController.csproj", "{7B119C26-6383-403A-AAA7-AC3EFCDCEFAA}"
EndProject
Global
	GlobalSection(SolutionConfigurationPlatforms) = preSolution
		Debug|Any CPU = Debug|Any CPU
		Release|Any CPU = Release|Any CPU
	EndGlobalSection
	GlobalSection(ProjectConfigurationPlatforms) = postSolution
		{7B119C26-6383-403A-AAA7-AC3EFCDCEFAA}.Debug|Any CPU.ActiveCfg = Debug|Any CPU
		{7B119C26-6383-403A-AAA7-AC3EFCDCEFAA}.Debug|Any CPU.Build.0 = Debug|Any CPU
		{7B119C26-6383-403A-AAA7-AC3EFCDCEFAA}.Release|Any CPU.ActiveCfg = Release|Any CPU
		{7B119C26-6383-403A-AAA7-AC3EFCDCEFAA}.Release|Any CPU.Build.0 = Release|Any CPU
	EndGlobalSection
	GlobalSection(SolutionProperties) = preSolution
		HideSolutionNode = FALSE
	EndGlobalSection
	GlobalSection(ExtensibilityGlobals) = postSolution
		SolutionGuid = {FAF9B97D-37FA-4D81-BF13-C66F5812F372}
	EndGlobalSection
EndGlobal
